
Microsoft Visual Studio Solution File, Format Version 12.00
# Visual Studio Version 16
VisualStudioVersion = 16.0.31129.286
MinimumVisualStudioVersion = 10.0.40219.1
Project("{FAE04EC0-301F-11D3-BF4B-00C04F79EFBC}") = "ChallengeSolvex", "ChallengeSolvex\ChallengeSolvex.csproj", "{B523DBFE-332D-4136-B08F-0ACA6113ED20}"
EndProject
Global
	GlobalSection(SolutionConfigurationPlatforms) = preSolution
		Debug|Any CPU = Debug|Any CPU
		Release|Any CPU = Release|Any CPU
	EndGlobalSection
	GlobalSection(ProjectConfigurationPlatforms) = postSolution
		{B523DBFE-332D-4136-B08F-0ACA6113ED20}.Debug|Any CPU.ActiveCfg = Debug|Any CPU
		{B523DBFE-332D-4136-B08F-0ACA6113ED20}.Debug|Any CPU.Build.0 = Debug|Any CPU
		{B523DBFE-332D-4136-B08F-0ACA6113ED20}.Release|Any CPU.ActiveCfg = Release|Any CPU
		{B523DBFE-332D-4136-B08F-0ACA6113ED20}.Release|Any CPU.Build.0 = Release|Any CPU
	EndGlobalSection
	GlobalSection(SolutionProperties) = preSolution
		HideSolutionNode = FALSE
	EndGlobalSection
	GlobalSection(ExtensibilityGlobals) = postSolution
		SolutionGuid = {D2997D95-88B1-4209-8A4E-963D527A0E5B}
	EndGlobalSection
EndGlobal
